// !$*UTF8*$!
{
	archiveVersion = 1;
	classes = {
	};
	objectVersion = 56;
	objects = {

/* Begin PBXBuildFile section */
		4CC274032B70F4660068B8F2 /* OperationType.swift in Sources */ = {isa = PBXBuildFile; fileRef = 4CC274022B70F4660068B8F2 /* OperationType.swift */; };
		4CC274052B70F4A80068B8F2 /* MathOperation.swift in Sources */ = {isa = PBXBuildFile; fileRef = 4CC274042B70F4A80068B8F2 /* MathOperation.swift */; };
		4CC274072B737AC00068B8F2 /* HttpMathOperation.swift in Sources */ = {isa = PBXBuildFile; fileRef = 4CC274062B737AC00068B8F2 /* HttpMathOperation.swift */; };
		4CC274092B73823C0068B8F2 /* MathOperationProtocol.swift in Sources */ = {isa = PBXBuildFile; fileRef = 4CC274082B73823C0068B8F2 /* MathOperationProtocol.swift */; };
		4CC2740C2B7518420068B8F2 /* TableViewCell.swift in Sources */ = {isa = PBXBuildFile; fileRef = 4CC2740A2B7518420068B8F2 /* TableViewCell.swift */; };
		4CC2740D2B7518420068B8F2 /* TableViewCell.xib in Resources */ = {isa = PBXBuildFile; fileRef = 4CC2740B2B7518420068B8F2 /* TableViewCell.xib */; };
		4CC274102B7A056D0068B8F2 /* Todo.swift in Sources */ = {isa = PBXBuildFile; fileRef = 4CC2740F2B7A056D0068B8F2 /* Todo.swift */; };
		4CC274122B7A09A30068B8F2 /* TodoArray.swift in Sources */ = {isa = PBXBuildFile; fileRef = 4CC274112B7A09A30068B8F2 /* TodoArray.swift */; };
		4CC274142B7A3A810068B8F2 /* TodoRequest.swift in Sources */ = {isa = PBXBuildFile; fileRef = 4CC274132B7A3A810068B8F2 /* TodoRequest.swift */; };
		4CE30FAA2B6D000B00311A69 /* AppDelegate.swift in Sources */ = {isa = PBXBuildFile; fileRef = 4CE30FA92B6D000B00311A69 /* AppDelegate.swift */; };
		4CE30FAC2B6D000B00311A69 /* SceneDelegate.swift in Sources */ = {isa = PBXBuildFile; fileRef = 4CE30FAB2B6D000B00311A69 /* SceneDelegate.swift */; };
		4CE30FAE2B6D000B00311A69 /* ViewController.swift in Sources */ = {isa = PBXBuildFile; fileRef = 4CE30FAD2B6D000B00311A69 /* ViewController.swift */; };
		4CE30FB12B6D000B00311A69 /* Main.storyboard in Resources */ = {isa = PBXBuildFile; fileRef = 4CE30FAF2B6D000B00311A69 /* Main.storyboard */; };
		4CE30FB32B6D000F00311A69 /* Assets.xcassets in Resources */ = {isa = PBXBuildFile; fileRef = 4CE30FB22B6D000F00311A69 /* Assets.xcassets */; };
		4CE30FB62B6D000F00311A69 /* LaunchScreen.storyboard in Resources */ = {isa = PBXBuildFile; fileRef = 4CE30FB42B6D000F00311A69 /* LaunchScreen.storyboard */; };
		4CE30FBE2B6D0A9B00311A69 /* SwiftUIView.swift in Sources */ = {isa = PBXBuildFile; fileRef = 4CE30FBD2B6D0A9B00311A69 /* SwiftUIView.swift */; };
/* End PBXBuildFile section */

/* Begin PBXFileReference section */
		4CC274022B70F4660068B8F2 /* OperationType.swift */ = {isa = PBXFileReference; lastKnownFileType = sourcecode.swift; path = OperationType.swift; sourceTree = "<group>"; };
		4CC274042B70F4A80068B8F2 /* MathOperation.swift */ = {isa = PBXFileReference; lastKnownFileType = sourcecode.swift; path = MathOperation.swift; sourceTree = "<group>"; };
		4CC274062B737AC00068B8F2 /* HttpMathOperation.swift */ = {isa = PBXFileReference; lastKnownFileType = sourcecode.swift; path = HttpMathOperation.swift; sourceTree = "<group>"; };
		4CC274082B73823C0068B8F2 /* MathOperationProtocol.swift */ = {isa = PBXFileReference; lastKnownFileType = sourcecode.swift; path = MathOperationProtocol.swift; sourceTree = "<group>"; };
		4CC2740A2B7518420068B8F2 /* TableViewCell.swift */ = {isa = PBXFileReference; lastKnownFileType = sourcecode.swift; path = TableViewCell.swift; sourceTree = "<group>"; };
		4CC2740B2B7518420068B8F2 /* TableViewCell.xib */ = {isa = PBXFileReference; lastKnownFileType = file.xib; path = TableViewCell.xib; sourceTree = "<group>"; };
		4CC2740F2B7A056D0068B8F2 /* Todo.swift */ = {isa = PBXFileReference; lastKnownFileType = sourcecode.swift; path = Todo.swift; sourceTree = "<group>"; };
		4CC274112B7A09A30068B8F2 /* TodoArray.swift */ = {isa = PBXFileReference; lastKnownFileType = sourcecode.swift; path = TodoArray.swift; sourceTree = "<group>"; };
		4CC274132B7A3A810068B8F2 /* TodoRequest.swift */ = {isa = PBXFileReference; lastKnownFileType = sourcecode.swift; path = TodoRequest.swift; sourceTree = "<group>"; };
		4CE30FA62B6D000B00311A69 /* TodoList.app */ = {isa = PBXFileReference; explicitFileType = wrapper.application; includeInIndex = 0; path = TodoList.app; sourceTree = BUILT_PRODUCTS_DIR; };
		4CE30FA92B6D000B00311A69 /* AppDelegate.swift */ = {isa = PBXFileReference; lastKnownFileType = sourcecode.swift; path = AppDelegate.swift; sourceTree = "<group>"; };
		4CE30FAB2B6D000B00311A69 /* SceneDelegate.swift */ = {isa = PBXFileReference; lastKnownFileType = sourcecode.swift; path = SceneDelegate.swift; sourceTree = "<group>"; };
		4CE30FAD2B6D000B00311A69 /* ViewController.swift */ = {isa = PBXFileReference; lastKnownFileType = sourcecode.swift; path = ViewController.swift; sourceTree = "<group>"; };
		4CE30FB02B6D000B00311A69 /* Base */ = {isa = PBXFileReference; lastKnownFileType = file.storyboard; name = Base; path = Base.lproj/Main.storyboard; sourceTree = "<group>"; };
		4CE30FB22B6D000F00311A69 /* Assets.xcassets */ = {isa = PBXFileReference; lastKnownFileType = folder.assetcatalog; path = Assets.xcassets; sourceTree = "<group>"; };
		4CE30FB52B6D000F00311A69 /* Base */ = {isa = PBXFileReference; lastKnownFileType = file.storyboard; name = Base; path = Base.lproj/LaunchScreen.storyboard; sourceTree = "<group>"; };
		4CE30FB72B6D000F00311A69 /* Info.plist */ = {isa = PBXFileReference; lastKnownFileType = text.plist.xml; path = Info.plist; sourceTree = "<group>"; };
		4CE30FBD2B6D0A9B00311A69 /* SwiftUIView.swift */ = {isa = PBXFileReference; lastKnownFileType = sourcecode.swift; path = SwiftUIView.swift; sourceTree = "<group>"; };
/* End PBXFileReference section */

/* Begin PBXFrameworksBuildPhase section */
		4CE30FA32B6D000A00311A69 /* Frameworks */ = {
			isa = PBXFrameworksBuildPhase;
			buildActionMask = 2147483647;
			files = (
			);
			runOnlyForDeploymentPostprocessing = 0;
		};
/* End PBXFrameworksBuildPhase section */

/* Begin PBXGroup section */
		4CC274012B70F37A0068B8F2 /* Model */ = {
			isa = PBXGroup;
			children = (
				4CC2740E2B7A05430068B8F2 /* Todo */,
				4CC274022B70F4660068B8F2 /* OperationType.swift */,
				4CC274042B70F4A80068B8F2 /* MathOperation.swift */,
				4CC274062B737AC00068B8F2 /* HttpMathOperation.swift */,
				4CC274082B73823C0068B8F2 /* MathOperationProtocol.swift */,
			);
			path = Model;
			sourceTree = "<group>";
		};
		4CC2740E2B7A05430068B8F2 /* Todo */ = {
			isa = PBXGroup;
			children = (
				4CC2740F2B7A056D0068B8F2 /* Todo.swift */,
				4CC274112B7A09A30068B8F2 /* TodoArray.swift */,
				4CC274132B7A3A810068B8F2 /* TodoRequest.swift */,
			);
			path = Todo;
			sourceTree = "<group>";
		};
		4CE30F9D2B6D000A00311A69 = {
			isa = PBXGroup;
			children = (
				4CE30FA82B6D000B00311A69 /* TodoList */,
				4CE30FA72B6D000B00311A69 /* Products */,
			);
			sourceTree = "<group>";
		};
		4CE30FA72B6D000B00311A69 /* Products */ = {
			isa = PBXGroup;
			children = (
				4CE30FA62B6D000B00311A69 /* TodoList.app */,
			);
			name = Products;
			sourceTree = "<group>";
		};
		4CE30FA82B6D000B00311A69 /* TodoList */ = {
			isa = PBXGroup;
			children = (
				4CC274012B70F37A0068B8F2 /* Model */,
				4CE30FA92B6D000B00311A69 /* AppDelegate.swift */,
				4CE30FAB2B6D000B00311A69 /* SceneDelegate.swift */,
				4CE30FAD2B6D000B00311A69 /* ViewController.swift */,
				4CC2740A2B7518420068B8F2 /* TableViewCell.swift */,
				4CC2740B2B7518420068B8F2 /* TableViewCell.xib */,
				4CE30FAF2B6D000B00311A69 /* Main.storyboard */,
				4CE30FBD2B6D0A9B00311A69 /* SwiftUIView.swift */,
				4CE30FB22B6D000F00311A69 /* Assets.xcassets */,
				4CE30FB42B6D000F00311A69 /* LaunchScreen.storyboard */,
				4CE30FB72B6D000F00311A69 /* Info.plist */,
			);
			path = TodoList;
			sourceTree = "<group>";
		};
/* End PBXGroup section */

/* Begin PBXNativeTarget section */
		4CE30FA52B6D000A00311A69 /* TodoList */ = {
			isa = PBXNativeTarget;
			buildConfigurationList = 4CE30FBA2B6D000F00311A69 /* Build configuration list for PBXNativeTarget "TodoList" */;
			buildPhases = (
				4CE30FA22B6D000A00311A69 /* Sources */,
				4CE30FA32B6D000A00311A69 /* Frameworks */,
				4CE30FA42B6D000A00311A69 /* Resources */,
			);
			buildRules = (
			);
			dependencies = (
			);
			name = TodoList;
			productName = TodoList;
			productReference = 4CE30FA62B6D000B00311A69 /* TodoList.app */;
			productType = "com.apple.product-type.application";
		};
/* End PBXNativeTarget section */

/* Begin PBXProject section */
		4CE30F9E2B6D000A00311A69 /* Project object */ = {
			isa = PBXProject;
			attributes = {
				BuildIndependentTargetsInParallel = 1;
				LastSwiftUpdateCheck = 1520;
				LastUpgradeCheck = 1520;
				TargetAttributes = {
					4CE30FA52B6D000A00311A69 = {
						CreatedOnToolsVersion = 15.2;
					};
				};
			};
			buildConfigurationList = 4CE30FA12B6D000A00311A69 /* Build configuration list for PBXProject "TodoList" */;
			compatibilityVersion = "Xcode 14.0";
			developmentRegion = en;
			hasScannedForEncodings = 0;
			knownRegions = (
				en,
				Base,
			);
			mainGroup = 4CE30F9D2B6D000A00311A69;
			productRefGroup = 4CE30FA72B6D000B00311A69 /* Products */;
			projectDirPath = "";
			projectRoot = "";
			targets = (
				4CE30FA52B6D000A00311A69 /* TodoList */,
			);
		};
/* End PBXProject section */

/* Begin PBXResourcesBuildPhase section */
		4CE30FA42B6D000A00311A69 /* Resources */ = {
			isa = PBXResourcesBuildPhase;
			buildActionMask = 2147483647;
			files = (
				4CE30FB62B6D000F00311A69 /* LaunchScreen.storyboard in Resources */,
				4CC2740D2B7518420068B8F2 /* TableViewCell.xib in Resources */,
				4CE30FB32B6D000F00311A69 /* Assets.xcassets in Resources */,
				4CE30FB12B6D000B00311A69 /* Main.storyboard in Resources */,
			);
			runOnlyForDeploymentPostprocessing = 0;
		};
/* End PBXResourcesBuildPhase section */

/* Begin PBXSourcesBuildPhase section */
		4CE30FA22B6D000A00311A69 /* Sources */ = {
			isa = PBXSourcesBuildPhase;
			buildActionMask = 2147483647;
			files = (
				4CC274122B7A09A30068B8F2 /* TodoArray.swift in Sources */,
				4CE30FAE2B6D000B00311A69 /* ViewController.swift in Sources */,
				4CE30FAA2B6D000B00311A69 /* AppDelegate.swift in Sources */,
				4CC274072B737AC00068B8F2 /* HttpMathOperation.swift in Sources */,
				4CC2740C2B7518420068B8F2 /* TableViewCell.swift in Sources */,
				4CC274092B73823C0068B8F2 /* MathOperationProtocol.swift in Sources */,
				4CC274032B70F4660068B8F2 /* OperationType.swift in Sources */,
				4CE30FBE2B6D0A9B00311A69 /* SwiftUIView.swift in Sources */,
				4CE30FAC2B6D000B00311A69 /* SceneDelegate.swift in Sources */,
				4CC274052B70F4A80068B8F2 /* MathOperation.swift in Sources */,
				4CC274102B7A056D0068B8F2 /* Todo.swift in Sources */,
				4CC274142B7A3A810068B8F2 /* TodoRequest.swift in Sources */,
			);
			runOnlyForDeploymentPostprocessing = 0;
		};
/* End PBXSourcesBuildPhase section */

/* Begin PBXVariantGroup section */
		4CE30FAF2B6D000B00311A69 /* Main.storyboard */ = {
			isa = PBXVariantGroup;
			children = (
				4CE30FB02B6D000B00311A69 /* Base */,
			);
			name = Main.storyboard;
			sourceTree = "<group>";
		};
		4CE30FB42B6D000F00311A69 /* LaunchScreen.storyboard */ = {
			isa = PBXVariantGroup;
			children = (
				4CE30FB52B6D000F00311A69 /* Base */,
			);
			name = LaunchScreen.storyboard;
			sourceTree = "<group>";
		};
/* End PBXVariantGroup section */

/* Begin XCBuildConfiguration section */
		4CE30FB82B6D000F00311A69 /* Debug */ = {
			isa = XCBuildConfiguration;
			buildSettings = {
				ALWAYS_SEARCH_USER_PATHS = NO;
				ASSETCATALOG_COMPILER_GENERATE_SWIFT_ASSET_SYMBOL_EXTENSIONS = YES;
				CLANG_ANALYZER_NONNULL = YES;
				CLANG_ANALYZER_NUMBER_OBJECT_CONVERSION = YES_AGGRESSIVE;
				CLANG_CXX_LANGUAGE_STANDARD = "gnu++20";
				CLANG_ENABLE_MODULES = YES;
				CLANG_ENABLE_OBJC_ARC = YES;
				CLANG_ENABLE_OBJC_WEAK = YES;
				CLANG_WARN_BLOCK_CAPTURE_AUTORELEASING = YES;
				CLANG_WARN_BOOL_CONVERSION = YES;
				CLANG_WARN_COMMA = YES;
				CLANG_WARN_CONSTANT_CONVERSION = YES;
				CLANG_WARN_DEPRECATED_OBJC_IMPLEMENTATIONS = YES;
				CLANG_WARN_DIRECT_OBJC_ISA_USAGE = YES_ERROR;
				CLANG_WARN_DOCUMENTATION_COMMENTS = YES;
				CLANG_WARN_EMPTY_BODY = YES;
				CLANG_WARN_ENUM_CONVERSION = YES;
				CLANG_WARN_INFINITE_RECURSION = YES;
				CLANG_WARN_INT_CONVERSION = YES;
				CLANG_WARN_NON_LITERAL_NULL_CONVERSION = YES;
				CLANG_WARN_OBJC_IMPLICIT_RETAIN_SELF = YES;
				CLANG_WARN_OBJC_LITERAL_CONVERSION = YES;
				CLANG_WARN_OBJC_ROOT_CLASS = YES_ERROR;
				CLANG_WARN_QUOTED_INCLUDE_IN_FRAMEWORK_HEADER = YES;
				CLANG_WARN_RANGE_LOOP_ANALYSIS = YES;
				CLANG_WARN_STRICT_PROTOTYPES = YES;
				CLANG_WARN_SUSPICIOUS_MOVE = YES;
				CLANG_WARN_UNGUARDED_AVAILABILITY = YES_AGGRESSIVE;
				CLANG_WARN_UNREACHABLE_CODE = YES;
				CLANG_WARN__DUPLICATE_METHOD_MATCH = YES;
				COPY_PHASE_STRIP = NO;
				DEBUG_INFORMATION_FORMAT = dwarf;
				ENABLE_STRICT_OBJC_MSGSEND = YES;
				ENABLE_TESTABILITY = YES;
				ENABLE_USER_SCRIPT_SANDBOXING = YES;
				GCC_C_LANGUAGE_STANDARD = gnu17;
				GCC_DYNAMIC_NO_PIC = NO;
				GCC_NO_COMMON_BLOCKS = YES;
				GCC_OPTIMIZATION_LEVEL = 0;
				GCC_PREPROCESSOR_DEFINITIONS = (
					"DEBUG=1",
					"$(inherited)",
				);
				GCC_WARN_64_TO_32_BIT_CONVERSION = YES;
				GCC_WARN_ABOUT_RETURN_TYPE = YES_ERROR;
				GCC_WARN_UNDECLARED_SELECTOR = YES;
				GCC_WARN_UNINITIALIZED_AUTOS = YES_AGGRESSIVE;
				GCC_WARN_UNUSED_FUNCTION = YES;
				GCC_WARN_UNUSED_VARIABLE = YES;
				IPHONEOS_DEPLOYMENT_TARGET = 17.2;
				LOCALIZATION_PREFERS_STRING_CATALOGS = YES;
				MTL_ENABLE_DEBUG_INFO = INCLUDE_SOURCE;
				MTL_FAST_MATH = YES;
				ONLY_ACTIVE_ARCH = YES;
				SDKROOT = iphoneos;
				SWIFT_ACTIVE_COMPILATION_CONDITIONS = "DEBUG $(inherited)";
				SWIFT_OPTIMIZATION_LEVEL = "-Onone";
			};
			name = Debug;
		};
		4CE30FB92B6D000F00311A69 /* Release */ = {
			isa = XCBuildConfiguration;
			buildSettings = {
				ALWAYS_SEARCH_USER_PATHS = NO;
				ASSETCATALOG_COMPILER_GENERATE_SWIFT_ASSET_SYMBOL_EXTENSIONS = YES;
				CLANG_ANALYZER_NONNULL = YES;
				CLANG_ANALYZER_NUMBER_OBJECT_CONVERSION = YES_AGGRESSIVE;
				CLANG_CXX_LANGUAGE_STANDARD = "gnu++20";
				CLANG_ENABLE_MODULES = YES;
				CLANG_ENABLE_OBJC_ARC = YES;
				CLANG_ENABLE_OBJC_WEAK = YES;
				CLANG_WARN_BLOCK_CAPTURE_AUTORELEASING = YES;
				CLANG_WARN_BOOL_CONVERSION = YES;
				CLANG_WARN_COMMA = YES;
				CLANG_WARN_CONSTANT_CONVERSION = YES;
				CLANG_WARN_DEPRECATED_OBJC_IMPLEMENTATIONS = YES;
				CLANG_WARN_DIRECT_OBJC_ISA_USAGE = YES_ERROR;
				CLANG_WARN_DOCUMENTATION_COMMENTS = YES;
				CLANG_WARN_EMPTY_BODY = YES;
				CLANG_WARN_ENUM_CONVERSION = YES;
				CLANG_WARN_INFINITE_RECURSION = YES;
				CLANG_WARN_INT_CONVERSION = YES;
				CLANG_WARN_NON_LITERAL_NULL_CONVERSION = YES;
				CLANG_WARN_OBJC_IMPLICIT_RETAIN_SELF = YES;
				CLANG_WARN_OBJC_LITERAL_CONVERSION = YES;
				CLANG_WARN_OBJC_ROOT_CLASS = YES_ERROR;
				CLANG_WARN_QUOTED_INCLUDE_IN_FRAMEWORK_HEADER = YES;
				CLANG_WARN_RANGE_LOOP_ANALYSIS = YES;
				CLANG_WARN_STRICT_PROTOTYPES = YES;
				CLANG_WARN_SUSPICIOUS_MOVE = YES;
				CLANG_WARN_UNGUARDED_AVAILABILITY = YES_AGGRESSIVE;
				CLANG_WARN_UNREACHABLE_CODE = YES;
				CLANG_WARN__DUPLICATE_METHOD_MATCH = YES;
				COPY_PHASE_STRIP = NO;
				DEBUG_INFORMATION_FORMAT = "dwarf-with-dsym";
				ENABLE_NS_ASSERTIONS = NO;
				ENABLE_STRICT_OBJC_MSGSEND = YES;
				ENABLE_USER_SCRIPT_SANDBOXING = YES;
				GCC_C_LANGUAGE_STANDARD = gnu17;
				GCC_NO_COMMON_BLOCKS = YES;
				GCC_WARN_64_TO_32_BIT_CONVERSION = YES;
				GCC_WARN_ABOUT_RETURN_TYPE = YES_ERROR;
				GCC_WARN_UNDECLARED_SELECTOR = YES;
				GCC_WARN_UNINITIALIZED_AUTOS = YES_AGGRESSIVE;
				GCC_WARN_UNUSED_FUNCTION = YES;
				GCC_WARN_UNUSED_VARIABLE = YES;
				IPHONEOS_DEPLOYMENT_TARGET = 17.2;
				LOCALIZATION_PREFERS_STRING_CATALOGS = YES;
				MTL_ENABLE_DEBUG_INFO = NO;
				MTL_FAST_MATH = YES;
				SDKROOT = iphoneos;
				SWIFT_COMPILATION_MODE = wholemodule;
				VALIDATE_PRODUCT = YES;
			};
			name = Release;
		};
		4CE30FBB2B6D000F00311A69 /* Debug */ = {
			isa = XCBuildConfiguration;
			buildSettings = {
				ASSETCATALOG_COMPILER_APPICON_NAME = AppIcon;
				ASSETCATALOG_COMPILER_GLOBAL_ACCENT_COLOR_NAME = AccentColor;
				CODE_SIGN_STYLE = Automatic;
				CURRENT_PROJECT_VERSION = 1;
				GENERATE_INFOPLIST_FILE = YES;
				INFOPLIST_FILE = TodoList/Info.plist;
				INFOPLIST_KEY_UIApplicationSupportsIndirectInputEvents = YES;
				INFOPLIST_KEY_UILaunchStoryboardName = LaunchScreen;
				INFOPLIST_KEY_UIMainStoryboardFile = Main;
				INFOPLIST_KEY_UISupportedInterfaceOrientations_iPad = "UIInterfaceOrientationPortrait UIInterfaceOrientationPortraitUpsideDown UIInterfaceOrientationLandscapeLeft UIInterfaceOrientationLandscapeRight";
				INFOPLIST_KEY_UISupportedInterfaceOrientations_iPhone = "UIInterfaceOrientationPortrait UIInterfaceOrientationLandscapeLeft UIInterfaceOrientationLandscapeRight";
				LD_RUNPATH_SEARCH_PATHS = (
					"$(inherited)",
					"@executable_path/Frameworks",
				);
				MARKETING_VERSION = 1.0;
				PRODUCT_BUNDLE_IDENTIFIER = xyz.chernousov.TodoList;
				PRODUCT_NAME = "$(TARGET_NAME)";
				SWIFT_EMIT_LOC_STRINGS = YES;
				SWIFT_VERSION = 5.0;
				TARGETED_DEVICE_FAMILY = "1,2";
			};
			name = Debug;
		};
		4CE30FBC2B6D000F00311A69 /* Release */ = {
			isa = XCBuildConfiguration;
			buildSettings = {
				ASSETCATALOG_COMPILER_APPICON_NAME = AppIcon;
				ASSETCATALOG_COMPILER_GLOBAL_ACCENT_COLOR_NAME = AccentColor;
				CODE_SIGN_STYLE = Automatic;
				CURRENT_PROJECT_VERSION = 1;
				GENERATE_INFOPLIST_FILE = YES;
				INFOPLIST_FILE = TodoList/Info.plist;
				INFOPLIST_KEY_UIApplicationSupportsIndirectInputEvents = YES;
				INFOPLIST_KEY_UILaunchStoryboardName = LaunchScreen;
				INFOPLIST_KEY_UIMainStoryboardFile = Main;
				INFOPLIST_KEY_UISupportedInterfaceOrientations_iPad = "UIInterfaceOrientationPortrait UIInterfaceOrientationPortraitUpsideDown UIInterfaceOrientationLandscapeLeft UIInterfaceOrientationLandscapeRight";
				INFOPLIST_KEY_UISupportedInterfaceOrientations_iPhone = "UIInterfaceOrientationPortrait UIInterfaceOrientationLandscapeLeft UIInterfaceOrientationLandscapeRight";
				LD_RUNPATH_SEARCH_PATHS = (
					"$(inherited)",
					"@executable_path/Frameworks",
				);
				MARKETING_VERSION = 1.0;
				PRODUCT_BUNDLE_IDENTIFIER = xyz.chernousov.TodoList;
				PRODUCT_NAME = "$(TARGET_NAME)";
				SWIFT_EMIT_LOC_STRINGS = YES;
				SWIFT_VERSION = 5.0;
				TARGETED_DEVICE_FAMILY = "1,2";
			};
			name = Release;
		};
/* End XCBuildConfiguration section */

/* Begin XCConfigurationList section */
		4CE30FA12B6D000A00311A69 /* Build configuration list for PBXProject "TodoList" */ = {
			isa = XCConfigurationList;
			buildConfigurations = (
				4CE30FB82B6D000F00311A69 /* Debug */,
				4CE30FB92B6D000F00311A69 /* Release */,
			);
			defaultConfigurationIsVisible = 0;
			defaultConfigurationName = Release;
		};
		4CE30FBA2B6D000F00311A69 /* Build configuration list for PBXNativeTarget "TodoList" */ = {
			isa = XCConfigurationList;
			buildConfigurations = (
				4CE30FBB2B6D000F00311A69 /* Debug */,
				4CE30FBC2B6D000F00311A69 /* Release */,
			);
			defaultConfigurationIsVisible = 0;
			defaultConfigurationName = Release;
		};
/* End XCConfigurationList section */
	};
	rootObject = 4CE30F9E2B6D000A00311A69 /* Project object */;
}
